<?xml version="1.0" encoding="utf-8"?>
<Project ToolsVersion="4.0" xmlns="http://schemas.microsoft.com/developer/msbuild/2003">
  <ItemGroup>
    <Filter Include="소스 파일">
      <UniqueIdentifier>{4FC737F1-C7A5-4376-A066-2A32D752A2FF}</UniqueIdentifier>
      <Extensions>cpp;c;cc;cxx;c++;cppm;ixx;def;odl;idl;hpj;bat;asm;asmx</Extensions>
    </Filter>
    <Filter Include="헤더 파일">
      <UniqueIdentifier>{93995380-89BD-4b04-88EB-625FBE52EBFB}</UniqueIdentifier>
      <Extensions>h;hh;hpp;hxx;h++;hm;inl;inc;ipp;xsd</Extensions>
    </Filter>
    <Filter Include="리소스 파일">
      <UniqueIdentifier>{67DA6AB6-F800-4c08-8B7A-83BB121AAD01}</UniqueIdentifier>
      <Extensions>rc;ico;cur;bmp;dlg;rc2;rct;bin;rgs;gif;jpg;jpeg;jpe;resx;tiff;tif;png;wav;mfcribbon-ms</Extensions>
    </Filter>
  </ItemGroup>
  <ItemGroup>
    <ClCompile Include="Algorithm.cpp">
      <Filter>소스 파일</Filter>
    </ClCompile>
    <ClCompile Include="back_12865_cpp.cpp">
      <Filter>소스 파일</Filter>
    </ClCompile>
    <ClCompile Include="back_2812.cpp">
      <Filter>소스 파일</Filter>
    </ClCompile>
    <ClCompile Include="back_1041.cpp">
      <Filter>소스 파일</Filter>
    </ClCompile>
    <ClCompile Include="back_9251.cpp">
      <Filter>소스 파일</Filter>
    </ClCompile>
    <ClCompile Include="back_1931.cpp">
      <Filter>소스 파일</Filter>
    </ClCompile>
    <ClCompile Include="14502.cpp">
      <Filter>소스 파일</Filter>
    </ClCompile>
    <ClCompile Include="back_15686.cpp">
      <Filter>소스 파일</Filter>
    </ClCompile>
    <ClCompile Include="back_14502.cpp">
      <Filter>소스 파일</Filter>
    </ClCompile>
    <ClCompile Include="back_5430.cpp">
      <Filter>소스 파일</Filter>
    </ClCompile>
    <ClCompile Include="back_2458.cpp">
      <Filter>소스 파일</Filter>
    </ClCompile>
    <ClCompile Include="nexon_1.cpp">
      <Filter>소스 파일</Filter>
    </ClCompile>
    <ClCompile Include="back_10811.cpp">
      <Filter>소스 파일</Filter>
    </ClCompile>
    <ClCompile Include="back_3190.cpp">
      <Filter>소스 파일</Filter>
    </ClCompile>
    <ClCompile Include="back_16236.cpp">
      <Filter>소스 파일</Filter>
    </ClCompile>
    <ClCompile Include="back_12100.cpp">
      <Filter>소스 파일</Filter>
    </ClCompile>
    <ClCompile Include="back_15685.cpp">
      <Filter>소스 파일</Filter>
    </ClCompile>
    <ClCompile Include="back_11559.cpp">
      <Filter>소스 파일</Filter>
    </ClCompile>
    <ClCompile Include="back_17413.cpp">
      <Filter>소스 파일</Filter>
    </ClCompile>
    <ClCompile Include="kakao_shuttle_bus.cpp">
      <Filter>소스 파일</Filter>
    </ClCompile>
    <ClCompile Include="back_coding_study.cpp">
      <Filter>소스 파일</Filter>
    </ClCompile>
    <ClCompile Include="Linked_LIst.cpp">
      <Filter>소스 파일</Filter>
    </ClCompile>
    <ClCompile Include="Test.cpp">
      <Filter>소스 파일</Filter>
    </ClCompile>
    <ClCompile Include="back_1406.cpp">
      <Filter>소스 파일</Filter>
    </ClCompile>
    <ClCompile Include="back_1504_daik.cpp">
      <Filter>소스 파일</Filter>
    </ClCompile>
    <ClCompile Include="back_1865_spfa.cpp">
      <Filter>소스 파일</Filter>
    </ClCompile>
    <ClCompile Include="back_11657_spfa.cpp">
      <Filter>소스 파일</Filter>
    </ClCompile>
    <ClCompile Include="back_1738_spfa.cpp">
      <Filter>소스 파일</Filter>
    </ClCompile>
    <ClCompile Include="back_4179_bfs.cpp">
      <Filter>소스 파일</Filter>
    </ClCompile>
    <ClCompile Include="back_1629_recursive.cpp">
      <Filter>소스 파일</Filter>
    </ClCompile>
    <ClCompile Include="back_11729_recur.cpp">
      <Filter>소스 파일</Filter>
    </ClCompile>
    <ClCompile Include="back_1074_recur.cpp">
      <Filter>소스 파일</Filter>
    </ClCompile>
    <ClCompile Include="back_9663_backtracking.cpp">
      <Filter>소스 파일</Filter>
    </ClCompile>
    <ClCompile Include="back_15656_backtracking.cpp">
      <Filter>소스 파일</Filter>
    </ClCompile>
    <ClCompile Include="back_14657_backtracking.cpp">
      <Filter>소스 파일</Filter>
    </ClCompile>
    <ClCompile Include="back_15683_simulation.cpp">
      <Filter>소스 파일</Filter>
    </ClCompile>
    <ClCompile Include="back_18808_simulation.cpp">
      <Filter>소스 파일</Filter>
    </ClCompile>
    <ClCompile Include="back_15688_counting_sort.cpp">
      <Filter>소스 파일</Filter>
    </ClCompile>
    <ClCompile Include="back_1463_dp.cpp">
      <Filter>소스 파일</Filter>
    </ClCompile>
    <ClCompile Include="back_12852_dp_his.cpp">
      <Filter>소스 파일</Filter>
    </ClCompile>
    <ClCompile Include="back_merge_sort.cpp">
      <Filter>소스 파일</Filter>
    </ClCompile>
    <ClCompile Include="back_2751_merge_sort.cpp">
      <Filter>소스 파일</Filter>
    </ClCompile>
    <ClCompile Include="back_2751_quick_sort.cpp">
      <Filter>소스 파일</Filter>
    </ClCompile>
    <ClCompile Include="back_7662_BST.cpp">
      <Filter>소스 파일</Filter>
    </ClCompile>
    <ClCompile Include="bubble_sort.cpp">
      <Filter>소스 파일</Filter>
    </ClCompile>
    <ClCompile Include="back_11286_priority_queue.cpp">
      <Filter>소스 파일</Filter>
    </ClCompile>
    <ClCompile Include="back_priority_queue_prac.cpp">
      <Filter>소스 파일</Filter>
    </ClCompile>
    <ClCompile Include="back_10816_binary_search.cpp">
      <Filter>소스 파일</Filter>
    </ClCompile>
    <ClCompile Include="back_10816_binoary_search_STL.cpp">
      <Filter>소스 파일</Filter>
    </ClCompile>
    <ClCompile Include="back_18870_binary_search.cpp">
      <Filter>소스 파일</Filter>
    </ClCompile>
    <ClCompile Include="back_2293_dp.cpp">
      <Filter>소스 파일</Filter>
    </ClCompile>
  </ItemGroup>
</Project>